
Microsoft Visual Studio Solution File, Format Version 12.00
Project("{FAE04EC0-301F-11D3-BF4B-00C04F79EFBC}") = "BKEFTTools", "BKEFTTools\BKEFTTools.csproj", "{3D2D35A0-88BE-4523-B609-B34C6EA7F8BB}"
EndProject
Global
	GlobalSection(SolutionConfigurationPlatforms) = preSolution
		Debug|Any CPU = Debug|Any CPU
		Release|Any CPU = Release|Any CPU
	EndGlobalSection
	GlobalSection(ProjectConfigurationPlatforms) = postSolution
		{3D2D35A0-88BE-4523-B609-B34C6EA7F8BB}.Debug|Any CPU.ActiveCfg = Debug|Any CPU
		{3D2D35A0-88BE-4523-B609-B34C6EA7F8BB}.Debug|Any CPU.Build.0 = Debug|Any CPU
		{3D2D35A0-88BE-4523-B609-B34C6EA7F8BB}.Release|Any CPU.ActiveCfg = Release|Any CPU
		{3D2D35A0-88BE-4523-B609-B34C6EA7F8BB}.Release|Any CPU.Build.0 = Release|Any CPU
	EndGlobalSection
EndGlobal
